
Microsoft Visual Studio Solution File, Format Version 12.00
# Visual Studio Version 17
VisualStudioVersion = 17.13.35828.75
MinimumVisualStudioVersion = 10.0.40219.1
Project("{FAE04EC0-301F-11D3-BF4B-00C04F79EFBC}") = "FootballScoreSystem", "FootballScoreSystem\FootballScoreSystem.csproj", "{A9DA1FF3-E30B-4DA7-BA06-276C4C1A1BB1}"
EndProject
Project("{FAE04EC0-301F-11D3-BF4B-00C04F79EFBC}") = "UnitTests", "UnitTests\UnitTests.csproj", "{439AFF25-32C5-4E7B-A973-3A4B2EE6BEA2}"
EndProject
Global
	GlobalSection(SolutionConfigurationPlatforms) = preSolution
		Debug|Any CPU = Debug|Any CPU
		Release|Any CPU = Release|Any CPU
	EndGlobalSection
	GlobalSection(ProjectConfigurationPlatforms) = postSolution
		{A9DA1FF3-E30B-4DA7-BA06-276C4C1A1BB1}.Debug|Any CPU.ActiveCfg = Debug|Any CPU
		{A9DA1FF3-E30B-4DA7-BA06-276C4C1A1BB1}.Debug|Any CPU.Build.0 = Debug|Any CPU
		{A9DA1FF3-E30B-4DA7-BA06-276C4C1A1BB1}.Release|Any CPU.ActiveCfg = Release|Any CPU
		{A9DA1FF3-E30B-4DA7-BA06-276C4C1A1BB1}.Release|Any CPU.Build.0 = Release|Any CPU
		{439AFF25-32C5-4E7B-A973-3A4B2EE6BEA2}.Debug|Any CPU.ActiveCfg = Debug|Any CPU
		{439AFF25-32C5-4E7B-A973-3A4B2EE6BEA2}.Debug|Any CPU.Build.0 = Debug|Any CPU
		{439AFF25-32C5-4E7B-A973-3A4B2EE6BEA2}.Release|Any CPU.ActiveCfg = Release|Any CPU
		{439AFF25-32C5-4E7B-A973-3A4B2EE6BEA2}.Release|Any CPU.Build.0 = Release|Any CPU
	EndGlobalSection
	GlobalSection(SolutionProperties) = preSolution
		HideSolutionNode = FALSE
	EndGlobalSection
	GlobalSection(ExtensibilityGlobals) = postSolution
		SolutionGuid = {C60E50C8-F2D5-406A-ACB6-17CF393996C1}
	EndGlobalSection
EndGlobal
